
Microsoft Visual Studio Solution File, Format Version 12.00
# Visual Studio Version 16
VisualStudioVersion = 16.0.29709.97
MinimumVisualStudioVersion = 10.0.40219.1
Project("{FAE04EC0-301F-11D3-BF4B-00C04F79EFBC}") = "MacroSlider_Final", "MacroSlider_Final\MacroSlider_Final.csproj", "{AA3EF8F4-1DFD-4256-A3B0-AA89059FD78A}"
EndProject
Global
	GlobalSection(SolutionConfigurationPlatforms) = preSolution
		Debug|Any CPU = Debug|Any CPU
		Release|Any CPU = Release|Any CPU
	EndGlobalSection
	GlobalSection(ProjectConfigurationPlatforms) = postSolution
		{AA3EF8F4-1DFD-4256-A3B0-AA89059FD78A}.Debug|Any CPU.ActiveCfg = Debug|Any CPU
		{AA3EF8F4-1DFD-4256-A3B0-AA89059FD78A}.Debug|Any CPU.Build.0 = Debug|Any CPU
		{AA3EF8F4-1DFD-4256-A3B0-AA89059FD78A}.Release|Any CPU.ActiveCfg = Release|Any CPU
		{AA3EF8F4-1DFD-4256-A3B0-AA89059FD78A}.Release|Any CPU.Build.0 = Release|Any CPU
	EndGlobalSection
	GlobalSection(SolutionProperties) = preSolution
		HideSolutionNode = FALSE
	EndGlobalSection
	GlobalSection(ExtensibilityGlobals) = postSolution
		SolutionGuid = {264038A4-1D34-4ABE-8CF4-254D2C14E128}
	EndGlobalSection
EndGlobal
